// !$*UTF8*$!
{
	archiveVersion = 1;
	classes = {
	};
	objectVersion = 50;
	objects = {

/* Begin PBXBuildFile section */
		6E25222AC2F0B24DA96E4E92 /* Pods_Kitten.framework in Frameworks */ = {isa = PBXBuildFile; fileRef = D3E706139F221874F5E8CB6F /* Pods_Kitten.framework */; };
		840F224E20A6B26D00636611 /* AppDelegate.swift in Sources */ = {isa = PBXBuildFile; fileRef = 840F224D20A6B26D00636611 /* AppDelegate.swift */; };
		840F225020A6B26D00636611 /* ViewController.swift in Sources */ = {isa = PBXBuildFile; fileRef = 840F224F20A6B26D00636611 /* ViewController.swift */; };
		840F225320A6B26D00636611 /* Main.storyboard in Resources */ = {isa = PBXBuildFile; fileRef = 840F225120A6B26D00636611 /* Main.storyboard */; };
		840F225520A6B26F00636611 /* Assets.xcassets in Resources */ = {isa = PBXBuildFile; fileRef = 840F225420A6B26F00636611 /* Assets.xcassets */; };
		840F225820A6B26F00636611 /* LaunchScreen.storyboard in Resources */ = {isa = PBXBuildFile; fileRef = 840F225620A6B26F00636611 /* LaunchScreen.storyboard */; };
		84F64DD920C180EC0095F99E /* IJKMediaFramework.framework in Frameworks */ = {isa = PBXBuildFile; fileRef = 84F64DD220C1801B0095F99E /* IJKMediaFramework.framework */; };
/* End PBXBuildFile section */

/* Begin PBXContainerItemProxy section */
		84F64DD120C1801B0095F99E /* PBXContainerItemProxy */ = {
			isa = PBXContainerItemProxy;
			containerPortal = 84F64DCB20C1801A0095F99E /* IJKMediaPlayer.xcodeproj */;
			proxyType = 2;
			remoteGlobalIDString = E654EA8A1B6B27E600B0F2D0;
			remoteInfo = IJKMediaFramework;
		};
		84F64DD320C1801B0095F99E /* PBXContainerItemProxy */ = {
			isa = PBXContainerItemProxy;
			containerPortal = 84F64DCB20C1801A0095F99E /* IJKMediaPlayer.xcodeproj */;
			proxyType = 2;
			remoteGlobalIDString = 5450B0431E63EA4300568494;
			remoteInfo = IJKMediaFrameworkWithSSL;
		};
		84F64DD520C1801B0095F99E /* PBXContainerItemProxy */ = {
			isa = PBXContainerItemProxy;
			containerPortal = 84F64DCB20C1801A0095F99E /* IJKMediaPlayer.xcodeproj */;
			proxyType = 2;
			remoteGlobalIDString = E654EA941B6B27E600B0F2D0;
			remoteInfo = IJKMediaFrameworkTests;
		};
		84F64DD720C180D80095F99E /* PBXContainerItemProxy */ = {
			isa = PBXContainerItemProxy;
			containerPortal = 84F64DCB20C1801A0095F99E /* IJKMediaPlayer.xcodeproj */;
			proxyType = 1;
			remoteGlobalIDString = E654EA891B6B27E600B0F2D0;
			remoteInfo = IJKMediaFramework;
		};
/* End PBXContainerItemProxy section */

/* Begin PBXFileReference section */
		2F74113FB153ACA7E78291F1 /* Pods-Kitten.debug.xcconfig */ = {isa = PBXFileReference; includeInIndex = 1; lastKnownFileType = text.xcconfig; name = "Pods-Kitten.debug.xcconfig"; path = "Pods/Target Support Files/Pods-Kitten/Pods-Kitten.debug.xcconfig"; sourceTree = "<group>"; };
		8336DDAE00E61811D52771C4 /* Pods-Kitten.release.xcconfig */ = {isa = PBXFileReference; includeInIndex = 1; lastKnownFileType = text.xcconfig; name = "Pods-Kitten.release.xcconfig"; path = "Pods/Target Support Files/Pods-Kitten/Pods-Kitten.release.xcconfig"; sourceTree = "<group>"; };
		840F224A20A6B26D00636611 /* Kitten.app */ = {isa = PBXFileReference; explicitFileType = wrapper.application; includeInIndex = 0; path = Kitten.app; sourceTree = BUILT_PRODUCTS_DIR; };
		840F224D20A6B26D00636611 /* AppDelegate.swift */ = {isa = PBXFileReference; lastKnownFileType = sourcecode.swift; path = AppDelegate.swift; sourceTree = "<group>"; };
		840F224F20A6B26D00636611 /* ViewController.swift */ = {isa = PBXFileReference; lastKnownFileType = sourcecode.swift; path = ViewController.swift; sourceTree = "<group>"; };
		840F225220A6B26D00636611 /* Base */ = {isa = PBXFileReference; lastKnownFileType = file.storyboard; name = Base; path = Base.lproj/Main.storyboard; sourceTree = "<group>"; };
		840F225420A6B26F00636611 /* Assets.xcassets */ = {isa = PBXFileReference; lastKnownFileType = folder.assetcatalog; path = Assets.xcassets; sourceTree = "<group>"; };
		840F225720A6B26F00636611 /* Base */ = {isa = PBXFileReference; lastKnownFileType = file.storyboard; name = Base; path = Base.lproj/LaunchScreen.storyboard; sourceTree = "<group>"; };
		840F225920A6B26F00636611 /* Info.plist */ = {isa = PBXFileReference; lastKnownFileType = text.plist.xml; path = Info.plist; sourceTree = "<group>"; };
		84F64DCB20C1801A0095F99E /* IJKMediaPlayer.xcodeproj */ = {isa = PBXFileReference; lastKnownFileType = "wrapper.pb-project"; name = IJKMediaPlayer.xcodeproj; path = ../../tmp/ijkplayer/ios/IJKMediaPlayer/IJKMediaPlayer.xcodeproj; sourceTree = "<group>"; };
		D3E706139F221874F5E8CB6F /* Pods_Kitten.framework */ = {isa = PBXFileReference; explicitFileType = wrapper.framework; includeInIndex = 0; path = Pods_Kitten.framework; sourceTree = BUILT_PRODUCTS_DIR; };
/* End PBXFileReference section */

/* Begin PBXFrameworksBuildPhase section */
		840F224720A6B26D00636611 /* Frameworks */ = {
			isa = PBXFrameworksBuildPhase;
			buildActionMask = 2147483647;
			files = (
				84F64DD920C180EC0095F99E /* IJKMediaFramework.framework in Frameworks */,
				6E25222AC2F0B24DA96E4E92 /* Pods_Kitten.framework in Frameworks */,
			);
			runOnlyForDeploymentPostprocessing = 0;
		};
/* End PBXFrameworksBuildPhase section */

/* Begin PBXGroup section */
		5BCC88FB1C6C4A27FFABCBBC /* Pods */ = {
			isa = PBXGroup;
			children = (
				2F74113FB153ACA7E78291F1 /* Pods-Kitten.debug.xcconfig */,
				8336DDAE00E61811D52771C4 /* Pods-Kitten.release.xcconfig */,
			);
			name = Pods;
			sourceTree = "<group>";
		};
		840F224120A6B26D00636611 = {
			isa = PBXGroup;
			children = (
				84F64DCB20C1801A0095F99E /* IJKMediaPlayer.xcodeproj */,
				840F224C20A6B26D00636611 /* Kitten */,
				840F224B20A6B26D00636611 /* Products */,
				5BCC88FB1C6C4A27FFABCBBC /* Pods */,
				B2FECF8A9069DAD3584CB8F2 /* Frameworks */,
			);
			sourceTree = "<group>";
		};
		840F224B20A6B26D00636611 /* Products */ = {
			isa = PBXGroup;
			children = (
				840F224A20A6B26D00636611 /* Kitten.app */,
			);
			name = Products;
			sourceTree = "<group>";
		};
		840F224C20A6B26D00636611 /* Kitten */ = {
			isa = PBXGroup;
			children = (
				840F224D20A6B26D00636611 /* AppDelegate.swift */,
				840F224F20A6B26D00636611 /* ViewController.swift */,
				840F225120A6B26D00636611 /* Main.storyboard */,
				840F225420A6B26F00636611 /* Assets.xcassets */,
				840F225620A6B26F00636611 /* LaunchScreen.storyboard */,
				840F225920A6B26F00636611 /* Info.plist */,
			);
			path = Kitten;
			sourceTree = "<group>";
		};
		84F64DCC20C1801A0095F99E /* Products */ = {
			isa = PBXGroup;
			children = (
				84F64DD220C1801B0095F99E /* IJKMediaFramework.framework */,
				84F64DD420C1801B0095F99E /* IJKMediaFrameworkWithSSL.framework */,
				84F64DD620C1801B0095F99E /* IJKMediaFrameworkTests.xctest */,
			);
			name = Products;
			sourceTree = "<group>";
		};
		B2FECF8A9069DAD3584CB8F2 /* Frameworks */ = {
			isa = PBXGroup;
			children = (
				D3E706139F221874F5E8CB6F /* Pods_Kitten.framework */,
			);
			name = Frameworks;
			sourceTree = "<group>";
		};
/* End PBXGroup section */

/* Begin PBXNativeTarget section */
		840F224920A6B26D00636611 /* Kitten */ = {
			isa = PBXNativeTarget;
			buildConfigurationList = 840F225C20A6B26F00636611 /* Build configuration list for PBXNativeTarget "Kitten" */;
			buildPhases = (
				76DFD6FD65ED9536CE02D92B /* [CP] Check Pods Manifest.lock */,
				840F224620A6B26D00636611 /* Sources */,
				840F224720A6B26D00636611 /* Frameworks */,
				840F224820A6B26D00636611 /* Resources */,
			);
			buildRules = (
			);
			dependencies = (
				84F64DD820C180D80095F99E /* PBXTargetDependency */,
			);
			name = Kitten;
			productName = Kitten;
			productReference = 840F224A20A6B26D00636611 /* Kitten.app */;
			productType = "com.apple.product-type.application";
		};
/* End PBXNativeTarget section */

/* Begin PBXProject section */
		840F224220A6B26D00636611 /* Project object */ = {
			isa = PBXProject;
			attributes = {
				LastSwiftUpdateCheck = 0930;
				LastUpgradeCheck = 0930;
				ORGANIZATIONNAME = "Jason Idris";
				TargetAttributes = {
					840F224920A6B26D00636611 = {
						CreatedOnToolsVersion = 9.3;
					};
				};
			};
			buildConfigurationList = 840F224520A6B26D00636611 /* Build configuration list for PBXProject "Kitten" */;
			compatibilityVersion = "Xcode 9.3";
			developmentRegion = en;
			hasScannedForEncodings = 0;
			knownRegions = (
				en,
				Base,
			);
			mainGroup = 840F224120A6B26D00636611;
			productRefGroup = 840F224B20A6B26D00636611 /* Products */;
			projectDirPath = "";
			projectReferences = (
				{
					ProductGroup = 84F64DCC20C1801A0095F99E /* Products */;
					ProjectRef = 84F64DCB20C1801A0095F99E /* IJKMediaPlayer.xcodeproj */;
				},
			);
			projectRoot = "";
			targets = (
				840F224920A6B26D00636611 /* Kitten */,
			);
		};
/* End PBXProject section */

/* Begin PBXReferenceProxy section */
		84F64DD220C1801B0095F99E /* IJKMediaFramework.framework */ = {
			isa = PBXReferenceProxy;
			fileType = wrapper.framework;
			path = IJKMediaFramework.framework;
			remoteRef = 84F64DD120C1801B0095F99E /* PBXContainerItemProxy */;
			sourceTree = BUILT_PRODUCTS_DIR;
		};
		84F64DD420C1801B0095F99E /* IJKMediaFrameworkWithSSL.framework */ = {
			isa = PBXReferenceProxy;
			fileType = wrapper.framework;
			path = IJKMediaFrameworkWithSSL.framework;
			remoteRef = 84F64DD320C1801B0095F99E /* PBXContainerItemProxy */;
			sourceTree = BUILT_PRODUCTS_DIR;
		};
		84F64DD620C1801B0095F99E /* IJKMediaFrameworkTests.xctest */ = {
			isa = PBXReferenceProxy;
			fileType = wrapper.cfbundle;
			path = IJKMediaFrameworkTests.xctest;
			remoteRef = 84F64DD520C1801B0095F99E /* PBXContainerItemProxy */;
			sourceTree = BUILT_PRODUCTS_DIR;
		};
/* End PBXReferenceProxy section */

/* Begin PBXResourcesBuildPhase section */
		840F224820A6B26D00636611 /* Resources */ = {
			isa = PBXResourcesBuildPhase;
			buildActionMask = 2147483647;
			files = (
				840F225820A6B26F00636611 /* LaunchScreen.storyboard in Resources */,
				840F225520A6B26F00636611 /* Assets.xcassets in Resources */,
				840F225320A6B26D00636611 /* Main.storyboard in Resources */,
			);
			runOnlyForDeploymentPostprocessing = 0;
		};
/* End PBXResourcesBuildPhase section */

/* Begin PBXShellScriptBuildPhase section */
		76DFD6FD65ED9536CE02D92B /* [CP] Check Pods Manifest.lock */ = {
			isa = PBXShellScriptBuildPhase;
			buildActionMask = 2147483647;
			files = (
			);
			inputPaths = (
				"${PODS_PODFILE_DIR_PATH}/Podfile.lock",
				"${PODS_ROOT}/Manifest.lock",
			);
			name = "[CP] Check Pods Manifest.lock";
			outputPaths = (
				"$(DERIVED_FILE_DIR)/Pods-Kitten-checkManifestLockResult.txt",
			);
			runOnlyForDeploymentPostprocessing = 0;
			shellPath = /bin/sh;
			shellScript = "diff \"${PODS_PODFILE_DIR_PATH}/Podfile.lock\" \"${PODS_ROOT}/Manifest.lock\" > /dev/null\nif [ $? != 0 ] ; then\n    # print error to STDERR\n    echo \"error: The sandbox is not in sync with the Podfile.lock. Run 'pod install' or update your CocoaPods installation.\" >&2\n    exit 1\nfi\n# This output is used by Xcode 'outputs' to avoid re-running this script phase.\necho \"SUCCESS\" > \"${SCRIPT_OUTPUT_FILE_0}\"\n";
			showEnvVarsInLog = 0;
		};
/* End PBXShellScriptBuildPhase section */

/* Begin PBXSourcesBuildPhase section */
		840F224620A6B26D00636611 /* Sources */ = {
			isa = PBXSourcesBuildPhase;
			buildActionMask = 2147483647;
			files = (
				840F225020A6B26D00636611 /* ViewController.swift in Sources */,
				840F224E20A6B26D00636611 /* AppDelegate.swift in Sources */,
			);
			runOnlyForDeploymentPostprocessing = 0;
		};
/* End PBXSourcesBuildPhase section */

/* Begin PBXTargetDependency section */
		84F64DD820C180D80095F99E /* PBXTargetDependency */ = {
			isa = PBXTargetDependency;
			name = IJKMediaFramework;
			targetProxy = 84F64DD720C180D80095F99E /* PBXContainerItemProxy */;
		};
/* End PBXTargetDependency section */

/* Begin PBXVariantGroup section */
		840F225120A6B26D00636611 /* Main.storyboard */ = {
			isa = PBXVariantGroup;
			children = (
				840F225220A6B26D00636611 /* Base */,
			);
			name = Main.storyboard;
			sourceTree = "<group>";
		};
		840F225620A6B26F00636611 /* LaunchScreen.storyboard */ = {
			isa = PBXVariantGroup;
			children = (
				840F225720A6B26F00636611 /* Base */,
			);
			name = LaunchScreen.storyboard;
			sourceTree = "<group>";
		};
/* End PBXVariantGroup section */

/* Begin XCBuildConfiguration section */
		840F225A20A6B26F00636611 /* Debug */ = {
			isa = XCBuildConfiguration;
			buildSettings = {
				ALWAYS_SEARCH_USER_PATHS = NO;
				CLANG_ANALYZER_NONNULL = YES;
				CLANG_ANALYZER_NUMBER_OBJECT_CONVERSION = YES_AGGRESSIVE;
				CLANG_CXX_LANGUAGE_STANDARD = "gnu++14";
				CLANG_CXX_LIBRARY = "libc++";
				CLANG_ENABLE_MODULES = YES;
				CLANG_ENABLE_OBJC_ARC = YES;
				CLANG_ENABLE_OBJC_WEAK = YES;
				CLANG_WARN_BLOCK_CAPTURE_AUTORELEASING = YES;
				CLANG_WARN_BOOL_CONVERSION = YES;
				CLANG_WARN_COMMA = YES;
				CLANG_WARN_CONSTANT_CONVERSION = YES;
				CLANG_WARN_DEPRECATED_OBJC_IMPLEMENTATIONS = YES;
				CLANG_WARN_DIRECT_OBJC_ISA_USAGE = YES_ERROR;
				CLANG_WARN_DOCUMENTATION_COMMENTS = YES;
				CLANG_WARN_EMPTY_BODY = YES;
				CLANG_WARN_ENUM_CONVERSION = YES;
				CLANG_WARN_INFINITE_RECURSION = YES;
				CLANG_WARN_INT_CONVERSION = YES;
				CLANG_WARN_NON_LITERAL_NULL_CONVERSION = YES;
				CLANG_WARN_OBJC_IMPLICIT_RETAIN_SELF = YES;
				CLANG_WARN_OBJC_LITERAL_CONVERSION = YES;
				CLANG_WARN_OBJC_ROOT_CLASS = YES_ERROR;
				CLANG_WARN_RANGE_LOOP_ANALYSIS = YES;
				CLANG_WARN_STRICT_PROTOTYPES = YES;
				CLANG_WARN_SUSPICIOUS_MOVE = YES;
				CLANG_WARN_UNGUARDED_AVAILABILITY = YES_AGGRESSIVE;
				CLANG_WARN_UNREACHABLE_CODE = YES;
				CLANG_WARN__DUPLICATE_METHOD_MATCH = YES;
				CODE_SIGN_IDENTITY = "iPhone Developer";
				COPY_PHASE_STRIP = NO;
				DEBUG_INFORMATION_FORMAT = dwarf;
				ENABLE_STRICT_OBJC_MSGSEND = YES;
				ENABLE_TESTABILITY = YES;
				GCC_C_LANGUAGE_STANDARD = gnu11;
				GCC_DYNAMIC_NO_PIC = NO;
				GCC_NO_COMMON_BLOCKS = YES;
				GCC_OPTIMIZATION_LEVEL = 0;
				GCC_PREPROCESSOR_DEFINITIONS = (
					"DEBUG=1",
					"$(inherited)",
				);
				GCC_WARN_64_TO_32_BIT_CONVERSION = YES;
				GCC_WARN_ABOUT_RETURN_TYPE = YES_ERROR;
				GCC_WARN_UNDECLARED_SELECTOR = YES;
				GCC_WARN_UNINITIALIZED_AUTOS = YES_AGGRESSIVE;
				GCC_WARN_UNUSED_FUNCTION = YES;
				GCC_WARN_UNUSED_VARIABLE = YES;
				IPHONEOS_DEPLOYMENT_TARGET = 11.3;
				MTL_ENABLE_DEBUG_INFO = YES;
				ONLY_ACTIVE_ARCH = YES;
				SDKROOT = iphoneos;
				SWIFT_ACTIVE_COMPILATION_CONDITIONS = DEBUG;
				SWIFT_OPTIMIZATION_LEVEL = "-Onone";
			};
			name = Debug;
		};
		840F225B20A6B26F00636611 /* Release */ = {
			isa = XCBuildConfiguration;
			buildSettings = {
				ALWAYS_SEARCH_USER_PATHS = NO;
				CLANG_ANALYZER_NONNULL = YES;
				CLANG_ANALYZER_NUMBER_OBJECT_CONVERSION = YES_AGGRESSIVE;
				CLANG_CXX_LANGUAGE_STANDARD = "gnu++14";
				CLANG_CXX_LIBRARY = "libc++";
				CLANG_ENABLE_MODULES = YES;
				CLANG_ENABLE_OBJC_ARC = YES;
				CLANG_ENABLE_OBJC_WEAK = YES;
				CLANG_WARN_BLOCK_CAPTURE_AUTORELEASING = YES;
				CLANG_WARN_BOOL_CONVERSION = YES;
				CLANG_WARN_COMMA = YES;
				CLANG_WARN_CONSTANT_CONVERSION = YES;
				CLANG_WARN_DEPRECATED_OBJC_IMPLEMENTATIONS = YES;
				CLANG_WARN_DIRECT_OBJC_ISA_USAGE = YES_ERROR;
				CLANG_WARN_DOCUMENTATION_COMMENTS = YES;
				CLANG_WARN_EMPTY_BODY = YES;
				CLANG_WARN_ENUM_CONVERSION = YES;
				CLANG_WARN_INFINITE_RECURSION = YES;
				CLANG_WARN_INT_CONVERSION = YES;
				CLANG_WARN_NON_LITERAL_NULL_CONVERSION = YES;
				CLANG_WARN_OBJC_IMPLICIT_RETAIN_SELF = YES;
				CLANG_WARN_OBJC_LITERAL_CONVERSION = YES;
				CLANG_WARN_OBJC_ROOT_CLASS = YES_ERROR;
				CLANG_WARN_RANGE_LOOP_ANALYSIS = YES;
				CLANG_WARN_STRICT_PROTOTYPES = YES;
				CLANG_WARN_SUSPICIOUS_MOVE = YES;
				CLANG_WARN_UNGUARDED_AVAILABILITY = YES_AGGRESSIVE;
				CLANG_WARN_UNREACHABLE_CODE = YES;
				CLANG_WARN__DUPLICATE_METHOD_MATCH = YES;
				CODE_SIGN_IDENTITY = "iPhone Developer";
				COPY_PHASE_STRIP = NO;
				DEBUG_INFORMATION_FORMAT = "dwarf-with-dsym";
				ENABLE_NS_ASSERTIONS = NO;
				ENABLE_STRICT_OBJC_MSGSEND = YES;
				GCC_C_LANGUAGE_STANDARD = gnu11;
				GCC_NO_COMMON_BLOCKS = YES;
				GCC_WARN_64_TO_32_BIT_CONVERSION = YES;
				GCC_WARN_ABOUT_RETURN_TYPE = YES_ERROR;
				GCC_WARN_UNDECLARED_SELECTOR = YES;
				GCC_WARN_UNINITIALIZED_AUTOS = YES_AGGRESSIVE;
				GCC_WARN_UNUSED_FUNCTION = YES;
				GCC_WARN_UNUSED_VARIABLE = YES;
				IPHONEOS_DEPLOYMENT_TARGET = 11.3;
				MTL_ENABLE_DEBUG_INFO = NO;
				SDKROOT = iphoneos;
				SWIFT_COMPILATION_MODE = wholemodule;
				SWIFT_OPTIMIZATION_LEVEL = "-O";
				VALIDATE_PRODUCT = YES;
			};
			name = Release;
		};
		840F225D20A6B26F00636611 /* Debug */ = {
			isa = XCBuildConfiguration;
			baseConfigurationReference = 2F74113FB153ACA7E78291F1 /* Pods-Kitten.debug.xcconfig */;
			buildSettings = {
				ASSETCATALOG_COMPILER_APPICON_NAME = AppIcon;
				CODE_SIGN_STYLE = Automatic;
				DEVELOPMENT_TEAM = AUM7N46P6X;
				INFOPLIST_FILE = Kitten/Info.plist;
				LD_RUNPATH_SEARCH_PATHS = (
					"$(inherited)",
					"@executable_path/Frameworks",
				);
				PRODUCT_BUNDLE_IDENTIFIER = com.kitten.Kitten;
				PRODUCT_NAME = "$(TARGET_NAME)";
				SWIFT_VERSION = 4.0;
				TARGETED_DEVICE_FAMILY = "1,2";
			};
			name = Debug;
		};
		840F225E20A6B26F00636611 /* Release */ = {
			isa = XCBuildConfiguration;
			baseConfigurationReference = 8336DDAE00E61811D52771C4 /* Pods-Kitten.release.xcconfig */;
			buildSettings = {
				ASSETCATALOG_COMPILER_APPICON_NAME = AppIcon;
				CODE_SIGN_STYLE = Automatic;
				DEVELOPMENT_TEAM = AUM7N46P6X;
				INFOPLIST_FILE = Kitten/Info.plist;
				LD_RUNPATH_SEARCH_PATHS = (
					"$(inherited)",
					"@executable_path/Frameworks",
				);
				PRODUCT_BUNDLE_IDENTIFIER = com.kitten.Kitten;
				PRODUCT_NAME = "$(TARGET_NAME)";
				SWIFT_VERSION = 4.0;
				TARGETED_DEVICE_FAMILY = "1,2";
			};
			name = Release;
		};
/* End XCBuildConfiguration section */

/* Begin XCConfigurationList section */
		840F224520A6B26D00636611 /* Build configuration list for PBXProject "Kitten" */ = {
			isa = XCConfigurationList;
			buildConfigurations = (
				840F225A20A6B26F00636611 /* Debug */,
				840F225B20A6B26F00636611 /* Release */,
			);
			defaultConfigurationIsVisible = 0;
			defaultConfigurationName = Release;
		};
		840F225C20A6B26F00636611 /* Build configuration list for PBXNativeTarget "Kitten" */ = {
			isa = XCConfigurationList;
			buildConfigurations = (
				840F225D20A6B26F00636611 /* Debug */,
				840F225E20A6B26F00636611 /* Release */,
			);
			defaultConfigurationIsVisible = 0;
			defaultConfigurationName = Release;
		};
/* End XCConfigurationList section */
	};
	rootObject = 840F224220A6B26D00636611 /* Project object */;
}
